{
  "version": 4,
  "terraform_version": "1.4.6",
  "serial": 13,
  "lineage": "97a44281-a26c-5123-d7f4-3963ed1b52fb",
  "outputs": {},
  "resources": [
    {
      "mode": "managed",
      "type": "azurerm_network_interface",
      "name": "nic",
      "provider": "provider[\"registry.terraform.io/hashicorp/azurerm\"]",
      "instances": []
    },
    {
      "mode": "managed",
      "type": "azurerm_public_ip",
      "name": "pip",
      "provider": "provider[\"registry.terraform.io/hashicorp/azurerm\"]",
      "instances": [
        {
          "schema_version": 0,
          "attributes": {
            "allocation_method": "Dynamic",
            "ddos_protection_mode": "VirtualNetworkInherited",
            "ddos_protection_plan_id": null,
            "domain_name_label": "bookdevopsdemo",
            "edge_zone": "",
            "fqdn": "bookdevopsdemo.westeurope.cloudapp.azure.com",
            "id": "/subscriptions/caf41f74-0819-4f8a-a44f-3457d7bf4118/resourceGroups/BookRg/providers/Microsoft.Network/publicIPAddresses/book-ip",
            "idle_timeout_in_minutes": 4,
            "ip_address": "",
            "ip_tags": {},
            "ip_version": "IPv4",
            "location": "westeurope",
            "name": "book-ip",
            "public_ip_prefix_id": null,
            "resource_group_name": "BookRg",
            "reverse_fqdn": "",
            "sku": "Basic",
            "sku_tier": "Regional",
            "tags": {},
            "timeouts": null,
            "zones": []
          },
          "sensitive_attributes": [],
          "private": "eyJlMmJmYjczMC1lY2FhLTExZTYtOGY4OC0zNDM2M2JjN2M0YzAiOnsiY3JlYXRlIjoxODAwMDAwMDAwMDAwLCJkZWxldGUiOjE4MDAwMDAwMDAwMDAsInJlYWQiOjMwMDAwMDAwMDAwMCwidXBkYXRlIjoxODAwMDAwMDAwMDAwfX0=",
          "dependencies": [
            "azurerm_resource_group.rg"
          ]
        }
      ]
    },
    {
      "mode": "managed",
      "type": "azurerm_resource_group",
      "name": "rg",
      "provider": "provider[\"registry.terraform.io/hashicorp/azurerm\"]",
      "instances": [
        {
          "schema_version": 0,
          "attributes": {
            "id": "/subscriptions/caf41f74-0819-4f8a-a44f-3457d7bf4118/resourceGroups/BookRg",
            "location": "westeurope",
            "name": "BookRg",
            "tags": {
              "environment": "Terraform Azure"
            },
            "timeouts": null
          },
          "sensitive_attributes": [],
          "private": "eyJlMmJmYjczMC1lY2FhLTExZTYtOGY4OC0zNDM2M2JjN2M0YzAiOnsiY3JlYXRlIjo1NDAwMDAwMDAwMDAwLCJkZWxldGUiOjU0MDAwMDAwMDAwMDAsInJlYWQiOjMwMDAwMDAwMDAwMCwidXBkYXRlIjo1NDAwMDAwMDAwMDAwfX0="
        }
      ]
    },
    {
      "mode": "managed",
      "type": "azurerm_storage_account",
      "name": "stor",
      "provider": "provider[\"registry.terraform.io/hashicorp/azurerm\"]",
      "instances": [
        {
          "schema_version": 3,
          "attributes": {
            "access_tier": "Hot",
            "account_kind": "StorageV2",
            "account_replication_type": "LRS",
            "account_tier": "Standard",
            "allow_nested_items_to_be_public": true,
            "allowed_copy_scope": "",
            "azure_files_authentication": [],
            "blob_properties": [
              {
                "change_feed_enabled": false,
                "change_feed_retention_in_days": 0,
                "container_delete_retention_policy": [],
                "cors_rule": [],
                "default_service_version": "",
                "delete_retention_policy": [],
                "last_access_time_enabled": false,
                "restore_policy": [],
                "versioning_enabled": false
              }
            ],
            "cross_tenant_replication_enabled": true,
            "custom_domain": [],
            "customer_managed_key": [],
            "default_to_oauth_authentication": false,
            "edge_zone": "",
            "enable_https_traffic_only": true,
            "id": "/subscriptions/caf41f74-0819-4f8a-a44f-3457d7bf4118/resourceGroups/BookRg/providers/Microsoft.Storage/storageAccounts/fuadbook1",
            "identity": [],
            "immutability_policy": [],
            "infrastructure_encryption_enabled": false,
            "is_hns_enabled": false,
            "large_file_share_enabled": null,
            "location": "westeurope",
            "min_tls_version": "TLS1_2",
            "name": "fuadbook1",
            "network_rules": [
              {
                "bypass": [
                  "AzureServices"
                ],
                "default_action": "Allow",
                "ip_rules": [],
                "private_link_access": [],
                "virtual_network_subnet_ids": []
              }
            ],
            "nfsv3_enabled": false,
            "primary_access_key": "V9a1WjuJELZ+5AAyKdDkHarY+D+x++wjb3WU61sn4Fr/YyXqKF6KKg6nJAWAfI8hBxnVDmdTL3aU+AStLs3AbA==",
            "primary_blob_connection_string": "DefaultEndpointsProtocol=https;BlobEndpoint=https://fuadbook1.blob.core.windows.net/;AccountName=fuadbook1;AccountKey=V9a1WjuJELZ+5AAyKdDkHarY+D+x++wjb3WU61sn4Fr/YyXqKF6KKg6nJAWAfI8hBxnVDmdTL3aU+AStLs3AbA==",
            "primary_blob_endpoint": "https://fuadbook1.blob.core.windows.net/",
            "primary_blob_host": "fuadbook1.blob.core.windows.net",
            "primary_connection_string": "DefaultEndpointsProtocol=https;AccountName=fuadbook1;AccountKey=V9a1WjuJELZ+5AAyKdDkHarY+D+x++wjb3WU61sn4Fr/YyXqKF6KKg6nJAWAfI8hBxnVDmdTL3aU+AStLs3AbA==;EndpointSuffix=core.windows.net",
            "primary_dfs_endpoint": "https://fuadbook1.dfs.core.windows.net/",
            "primary_dfs_host": "fuadbook1.dfs.core.windows.net",
            "primary_file_endpoint": "https://fuadbook1.file.core.windows.net/",
            "primary_file_host": "fuadbook1.file.core.windows.net",
            "primary_location": "westeurope",
            "primary_queue_endpoint": "https://fuadbook1.queue.core.windows.net/",
            "primary_queue_host": "fuadbook1.queue.core.windows.net",
            "primary_table_endpoint": "https://fuadbook1.table.core.windows.net/",
            "primary_table_host": "fuadbook1.table.core.windows.net",
            "primary_web_endpoint": "https://fuadbook1.z6.web.core.windows.net/",
            "primary_web_host": "fuadbook1.z6.web.core.windows.net",
            "public_network_access_enabled": true,
            "queue_encryption_key_type": "Service",
            "queue_properties": [
              {
                "cors_rule": [],
                "hour_metrics": [
                  {
                    "enabled": true,
                    "include_apis": true,
                    "retention_policy_days": 7,
                    "version": "1.0"
                  }
                ],
                "logging": [
                  {
                    "delete": false,
                    "read": false,
                    "retention_policy_days": 0,
                    "version": "1.0",
                    "write": false
                  }
                ],
                "minute_metrics": [
                  {
                    "enabled": false,
                    "include_apis": false,
                    "retention_policy_days": 0,
                    "version": "1.0"
                  }
                ]
              }
            ],
            "resource_group_name": "BookRg",
            "routing": [],
            "sas_policy": [],
            "secondary_access_key": "3uLwb9wrp9gKoG1i7ake6h47Db7xGSj+QlE9Utra6o5w43lUlQFWig750YUm675MpTYuk+aDbnr/+AStkm6kkA==",
            "secondary_blob_connection_string": "",
            "secondary_blob_endpoint": null,
            "secondary_blob_host": null,
            "secondary_connection_string": "DefaultEndpointsProtocol=https;AccountName=fuadbook1;AccountKey=3uLwb9wrp9gKoG1i7ake6h47Db7xGSj+QlE9Utra6o5w43lUlQFWig750YUm675MpTYuk+aDbnr/+AStkm6kkA==;EndpointSuffix=core.windows.net",
            "secondary_dfs_endpoint": null,
            "secondary_dfs_host": null,
            "secondary_file_endpoint": null,
            "secondary_file_host": null,
            "secondary_location": "",
            "secondary_queue_endpoint": null,
            "secondary_queue_host": null,
            "secondary_table_endpoint": null,
            "secondary_table_host": null,
            "secondary_web_endpoint": null,
            "secondary_web_host": null,
            "sftp_enabled": false,
            "share_properties": [
              {
                "cors_rule": [],
                "retention_policy": [
                  {
                    "days": 7
                  }
                ],
                "smb": []
              }
            ],
            "shared_access_key_enabled": true,
            "static_website": [],
            "table_encryption_key_type": "Service",
            "tags": {},
            "timeouts": null
          },
          "sensitive_attributes": [],
          "private": "eyJlMmJmYjczMC1lY2FhLTExZTYtOGY4OC0zNDM2M2JjN2M0YzAiOnsiY3JlYXRlIjozNjAwMDAwMDAwMDAwLCJkZWxldGUiOjM2MDAwMDAwMDAwMDAsInJlYWQiOjMwMDAwMDAwMDAwMCwidXBkYXRlIjozNjAwMDAwMDAwMDAwfSwic2NoZW1hX3ZlcnNpb24iOiIzIn0=",
          "dependencies": [
            "azurerm_resource_group.rg"
          ]
        }
      ]
    },
    {
      "mode": "managed",
      "type": "azurerm_subnet",
      "name": "subnet",
      "provider": "provider[\"registry.terraform.io/hashicorp/azurerm\"]",
      "instances": []
    },
    {
      "mode": "managed",
      "type": "azurerm_virtual_machine",
      "name": "vm",
      "provider": "provider[\"registry.terraform.io/hashicorp/azurerm\"]",
      "instances": []
    }
  ],
  "check_results": null
}
